
Microsoft Visual Studio Solution File, Format Version 12.00
# Visual Studio 15
VisualStudioVersion = 15.0.27004.2006
MinimumVisualStudioVersion = 10.0.40219.1
Project("{888888A0-9F3D-457C-B088-3A5042F75D52}") = "Project-Code-Python", "Project-Code-Python.pyproj", "{F9E36DCD-23D6-4196-8614-D4D22BF49D19}"
EndProject
Global
	GlobalSection(SolutionConfigurationPlatforms) = preSolution
		Debug|Any CPU = Debug|Any CPU
		Release|Any CPU = Release|Any CPU
	EndGlobalSection
	GlobalSection(ProjectConfigurationPlatforms) = postSolution
		{F9E36DCD-23D6-4196-8614-D4D22BF49D19}.Debug|Any CPU.ActiveCfg = Debug|Any CPU
		{F9E36DCD-23D6-4196-8614-D4D22BF49D19}.Release|Any CPU.ActiveCfg = Release|Any CPU
	EndGlobalSection
	GlobalSection(SolutionProperties) = preSolution
		HideSolutionNode = FALSE
	EndGlobalSection
	GlobalSection(ExtensibilityGlobals) = postSolution
		SolutionGuid = {7FF0E239-79D4-496C-991E-63712E73BE95}
	EndGlobalSection
EndGlobal
